<?xml version="1.0" encoding="utf-8"?>
<Project ToolsVersion="4.0" xmlns="http://schemas.microsoft.com/developer/msbuild/2003">
  <ItemGroup>
    <Filter Include="Source Files">
      <UniqueIdentifier>{4FC737F1-C7A5-4376-A066-2A32D752A2FF}</UniqueIdentifier>
      <Extensions>cpp;c;cc;cxx;def;odl;idl;hpj;bat;asm;asmx</Extensions>
    </Filter>
    <Filter Include="Header Files">
      <UniqueIdentifier>{93995380-89BD-4b04-88EB-625FBE52EBFB}</UniqueIdentifier>
      <Extensions>h;hh;hpp;hxx;hm;inl;inc;xsd</Extensions>
    </Filter>
    <Filter Include="Resource Files">
      <UniqueIdentifier>{67DA6AB6-F800-4c08-8B7A-83BB121AAD01}</UniqueIdentifier>
      <Extensions>rc;ico;cur;bmp;dlg;rc2;rct;bin;rgs;gif;jpg;jpeg;jpe;resx;tiff;tif;png;wav</Extensions>
    </Filter>
    <Filter Include="Source Files\core">
      <UniqueIdentifier>{38d1e731-9cb9-4ac9-aa64-f8f2810912a0}</UniqueIdentifier>
    </Filter>
    <Filter Include="Source Files\frontend">
      <UniqueIdentifier>{14dfcd92-87b5-4938-9395-221b677ca805}</UniqueIdentifier>
    </Filter>
    <Filter Include="Source Files\libs">
      <UniqueIdentifier>{85a2ff73-85f2-4eda-8a64-31ab5e7759fb}</UniqueIdentifier>
    </Filter>
    <Filter Include="Source Files\libs\lzma">
      <UniqueIdentifier>{d495da74-9e85-4526-bff0-2da3eb4bd4f1}</UniqueIdentifier>
    </Filter>
    <Filter Include="Source Files\libs\zlib">
      <UniqueIdentifier>{9efce164-81a7-45fa-a0c0-321831b3c09c}</UniqueIdentifier>
    </Filter>
    <Filter Include="Source Files\libs\minizip">
      <UniqueIdentifier>{b2092be9-9223-41a2-b65f-0c71009e414a}</UniqueIdentifier>
    </Filter>
    <Filter Include="Source Files\libs\nativefiledialog">
      <UniqueIdentifier>{3f5d72f0-ef2c-4dda-86bf-8162ea08a1ec}</UniqueIdentifier>
    </Filter>
    <Filter Include="Source Files\frontend\io">
      <UniqueIdentifier>{a3d6fffc-c101-4997-a500-9b4139ff741e}</UniqueIdentifier>
    </Filter>
    <Filter Include="Source Files\frontend\util">
      <UniqueIdentifier>{12c951c1-1b28-4309-aaaa-2c6907a1a424}</UniqueIdentifier>
    </Filter>
    <Filter Include="Source Files\core\arm7tdmi">
      <UniqueIdentifier>{784f1256-f571-407b-ba27-4b91314df5f9}</UniqueIdentifier>
    </Filter>
    <Filter Include="Source Files\core\mem">
      <UniqueIdentifier>{a617c6ac-a0b7-4ed3-ad61-de501fa54033}</UniqueIdentifier>
    </Filter>
    <Filter Include="Source Files\core\util">
      <UniqueIdentifier>{88bcfdd1-fd11-4cfd-91c6-c59bb5a426eb}</UniqueIdentifier>
    </Filter>
    <Filter Include="Header Files\core">
      <UniqueIdentifier>{8690c342-ea14-4024-908b-7d6713d5fcac}</UniqueIdentifier>
    </Filter>
    <Filter Include="Header Files\frontend">
      <UniqueIdentifier>{162205cc-6b55-49df-9e26-bfafcee89858}</UniqueIdentifier>
    </Filter>
    <Filter Include="Header Files\libs">
      <UniqueIdentifier>{8c9ec400-75e2-45f8-bd86-eaf5105015b9}</UniqueIdentifier>
    </Filter>
    <Filter Include="Header Files\libs\zlib">
      <UniqueIdentifier>{4858923e-ef7a-4018-9f2e-5f666f72226c}</UniqueIdentifier>
    </Filter>
    <Filter Include="Header Files\libs\lzma">
      <UniqueIdentifier>{f0468369-053a-4e22-aec9-c4935816a136}</UniqueIdentifier>
    </Filter>
    <Filter Include="Header Files\libs\minizip">
      <UniqueIdentifier>{8c710241-1f37-4a2f-93a7-b9d0d7acaed2}</UniqueIdentifier>
    </Filter>
    <Filter Include="Header Files\libs\nativefiledialog">
      <UniqueIdentifier>{e0f6fc7d-e7b2-4e2e-9a7a-448fbf81cb85}</UniqueIdentifier>
    </Filter>
    <Filter Include="Header Files\frontend\io">
      <UniqueIdentifier>{151347c8-0b0a-4224-b230-0a55b745c0ea}</UniqueIdentifier>
    </Filter>
    <Filter Include="Header Files\frontend\util">
      <UniqueIdentifier>{feccc1ca-9d44-4e50-a2d4-6dcb06e92411}</UniqueIdentifier>
    </Filter>
    <Filter Include="Header Files\core\util">
      <UniqueIdentifier>{84d602bf-e698-4ccb-84b6-24083ca39d40}</UniqueIdentifier>
    </Filter>
    <Filter Include="Header Files\core\arm7tdmi">
      <UniqueIdentifier>{44f5137b-881e-4cd8-9849-616f8ec461d2}</UniqueIdentifier>
    </Filter>
    <Filter Include="Header Files\core\mem">
      <UniqueIdentifier>{ae4ea08d-7cb9-4c24-b53b-bcaaf22d2c95}</UniqueIdentifier>
    </Filter>
    <Filter Include="Header Files\core\mem\reads">
      <UniqueIdentifier>{1fd720cf-a07c-4196-b5cb-6d15f43c77c9}</UniqueIdentifier>
    </Filter>
    <Filter Include="Header Files\core\mem\writes">
      <UniqueIdentifier>{0bcbb3a4-bf8d-41f4-a35b-7ca3196f340c}</UniqueIdentifier>
    </Filter>
    <Filter Include="Header Files\core\arm7tdmi\arm">
      <UniqueIdentifier>{a4b2e587-9ae9-4516-bbea-c5d5e1c40edb}</UniqueIdentifier>
    </Filter>
    <Filter Include="Header Files\core\arm7tdmi\thumb">
      <UniqueIdentifier>{d6f0e391-1df5-4de6-8192-10cc47fbe0ff}</UniqueIdentifier>
    </Filter>
  </ItemGroup>
  <ItemGroup>
    <ClCompile Include="src\core\dummy_main.cpp">
      <Filter>Source Files\core</Filter>
    </ClCompile>
    <ClCompile Include="src\core\gba.c">
      <Filter>Source Files\core</Filter>
    </ClCompile>
    <ClCompile Include="src\frontend\events.cpp">
      <Filter>Source Files\frontend</Filter>
    </ClCompile>
    <ClCompile Include="src\frontend\mgb.cpp">
      <Filter>Source Files\frontend</Filter>
    </ClCompile>
    <ClCompile Include="src\frontend\main.cpp">
      <Filter>Source Files\frontend</Filter>
    </ClCompile>
    <ClCompile Include="src\core\mem\mmio.c">
      <Filter>Source Files\core</Filter>
    </ClCompile>
    <ClCompile Include="src\libs\lzma\Alloc.c">
      <Filter>Source Files\libs\lzma</Filter>
    </ClCompile>
    <ClCompile Include="src\libs\zlib\adler32.c">
      <Filter>Source Files\libs\zlib</Filter>
    </ClCompile>
    <ClCompile Include="src\libs\zlib\compress.c">
      <Filter>Source Files\libs\zlib</Filter>
    </ClCompile>
    <ClCompile Include="src\libs\zlib\crc32.c">
      <Filter>Source Files\libs\zlib</Filter>
    </ClCompile>
    <ClCompile Include="src\libs\zlib\deflate.c">
      <Filter>Source Files\libs\zlib</Filter>
    </ClCompile>
    <ClCompile Include="src\libs\zlib\gzclose.c">
      <Filter>Source Files\libs\zlib</Filter>
    </ClCompile>
    <ClCompile Include="src\libs\zlib\gzlib.c">
      <Filter>Source Files\libs\zlib</Filter>
    </ClCompile>
    <ClCompile Include="src\libs\zlib\gzread.c">
      <Filter>Source Files\libs\zlib</Filter>
    </ClCompile>
    <ClCompile Include="src\libs\zlib\gzwrite.c">
      <Filter>Source Files\libs\zlib</Filter>
    </ClCompile>
    <ClCompile Include="src\libs\zlib\infback.c">
      <Filter>Source Files\libs\zlib</Filter>
    </ClCompile>
    <ClCompile Include="src\libs\zlib\inffast.c">
      <Filter>Source Files\libs\zlib</Filter>
    </ClCompile>
    <ClCompile Include="src\libs\zlib\inflate.c">
      <Filter>Source Files\libs\zlib</Filter>
    </ClCompile>
    <ClCompile Include="src\libs\zlib\inftrees.c">
      <Filter>Source Files\libs\zlib</Filter>
    </ClCompile>
    <ClCompile Include="src\libs\zlib\trees.c">
      <Filter>Source Files\libs\zlib</Filter>
    </ClCompile>
    <ClCompile Include="src\libs\zlib\uncompr.c">
      <Filter>Source Files\libs\zlib</Filter>
    </ClCompile>
    <ClCompile Include="src\libs\lzma\LzFind.c">
      <Filter>Source Files\libs\lzma</Filter>
    </ClCompile>
    <ClCompile Include="src\libs\lzma\LzmaDec.c">
      <Filter>Source Files\libs\lzma</Filter>
    </ClCompile>
    <ClCompile Include="src\libs\lzma\LzmaEnc.c">
      <Filter>Source Files\libs\lzma</Filter>
    </ClCompile>
    <ClCompile Include="src\libs\lzma\LzmaLib.c">
      <Filter>Source Files\libs\lzma</Filter>
    </ClCompile>
    <ClCompile Include="src\libs\nativefiledialog\nfd_win.cpp">
      <Filter>Source Files\libs\nativefiledialog</Filter>
    </ClCompile>
    <ClCompile Include="src\libs\minizip\ioapi.c">
      <Filter>Source Files\libs\minizip</Filter>
    </ClCompile>
    <ClCompile Include="src\libs\minizip\unzip.c">
      <Filter>Source Files\libs\minizip</Filter>
    </ClCompile>
    <ClCompile Include="src\frontend\io\ifile_7z.cpp">
      <Filter>Source Files\frontend\io</Filter>
    </ClCompile>
    <ClCompile Include="src\frontend\io\ifile_cfile.cpp">
      <Filter>Source Files\frontend\io</Filter>
    </ClCompile>
    <ClCompile Include="src\frontend\io\ifile_gzip.cpp">
      <Filter>Source Files\frontend\io</Filter>
    </ClCompile>
    <ClCompile Include="src\frontend\io\ifile_mem.cpp">
      <Filter>Source Files\frontend\io</Filter>
    </ClCompile>
    <ClCompile Include="src\frontend\io\ifile_rar.cpp">
      <Filter>Source Files\frontend\io</Filter>
    </ClCompile>
    <ClCompile Include="src\frontend\io\ifile_zip.cpp">
      <Filter>Source Files\frontend\io</Filter>
    </ClCompile>
    <ClCompile Include="src\frontend\io\ifile_zstd.cpp">
      <Filter>Source Files\frontend\io</Filter>
    </ClCompile>
    <ClCompile Include="src\frontend\io\romloader.cpp">
      <Filter>Source Files\frontend\io</Filter>
    </ClCompile>
    <ClCompile Include="src\frontend\util\util.cpp">
      <Filter>Source Files\frontend\util</Filter>
    </ClCompile>
    <ClCompile Include="src\libs\zlib\zutil.c">
      <Filter>Source Files\libs\zlib</Filter>
    </ClCompile>
  </ItemGroup>
  <ItemGroup>
    <ClInclude Include="src\libs\lzma\Alloc.h">
      <Filter>Header Files\libs\lzma</Filter>
    </ClInclude>
    <ClInclude Include="src\libs\lzma\7zTypes.h">
      <Filter>Header Files\libs\lzma</Filter>
    </ClInclude>
    <ClInclude Include="src\libs\zlib\crc32.h">
      <Filter>Header Files\libs\zlib</Filter>
    </ClInclude>
    <ClInclude Include="src\libs\zlib\deflate.h">
      <Filter>Header Files\libs\zlib</Filter>
    </ClInclude>
    <ClInclude Include="src\libs\zlib\gzguts.h">
      <Filter>Header Files\libs\zlib</Filter>
    </ClInclude>
    <ClInclude Include="src\libs\zlib\inffast.h">
      <Filter>Header Files\libs\zlib</Filter>
    </ClInclude>
    <ClInclude Include="src\libs\zlib\inffixed.h">
      <Filter>Header Files\libs\zlib</Filter>
    </ClInclude>
    <ClInclude Include="src\libs\zlib\inflate.h">
      <Filter>Header Files\libs\zlib</Filter>
    </ClInclude>
    <ClInclude Include="src\libs\zlib\inftrees.h">
      <Filter>Header Files\libs\zlib</Filter>
    </ClInclude>
    <ClInclude Include="src\libs\zlib\zlib.h">
      <Filter>Header Files\libs\zlib</Filter>
    </ClInclude>
    <ClInclude Include="src\libs\zlib\trees.h">
      <Filter>Header Files\libs\zlib</Filter>
    </ClInclude>
    <ClInclude Include="src\frontend\io\ifile_7z.hpp">
      <Filter>Header Files\frontend\io</Filter>
    </ClInclude>
    <ClInclude Include="src\frontend\io\ifile_base.hpp">
      <Filter>Header Files\frontend\io</Filter>
    </ClInclude>
    <ClInclude Include="src\frontend\io\ifile_cfile.hpp">
      <Filter>Header Files\frontend\io</Filter>
    </ClInclude>
    <ClInclude Include="src\frontend\io\ifile_gzip.hpp">
      <Filter>Header Files\frontend\io</Filter>
    </ClInclude>
    <ClInclude Include="src\frontend\io\ifile_mem.hpp">
      <Filter>Header Files\frontend\io</Filter>
    </ClInclude>
    <ClInclude Include="src\frontend\io\ifile_rar.hpp">
      <Filter>Header Files\frontend\io</Filter>
    </ClInclude>
    <ClInclude Include="src\frontend\io\ifile_zip.hpp">
      <Filter>Header Files\frontend\io</Filter>
    </ClInclude>
    <ClInclude Include="src\frontend\io\ifile_zstd.hpp">
      <Filter>Header Files\frontend\io</Filter>
    </ClInclude>
    <ClInclude Include="src\frontend\util\util.hpp">
      <Filter>Header Files\frontend\util</Filter>
    </ClInclude>
    <ClInclude Include="src\frontend\io\romloader.hpp">
      <Filter>Header Files\frontend\io</Filter>
    </ClInclude>
    <ClInclude Include="src\libs\lzma\LzFind.h">
      <Filter>Header Files\libs\lzma</Filter>
    </ClInclude>
    <ClInclude Include="src\libs\lzma\LzHash.h">
      <Filter>Header Files\libs\lzma</Filter>
    </ClInclude>
    <ClInclude Include="src\libs\lzma\LzmaDec.h">
      <Filter>Header Files\libs\lzma</Filter>
    </ClInclude>
    <ClInclude Include="src\libs\lzma\LzmaEnc.h">
      <Filter>Header Files\libs\lzma</Filter>
    </ClInclude>
    <ClInclude Include="src\libs\lzma\LzmaLib.h">
      <Filter>Header Files\libs\lzma</Filter>
    </ClInclude>
    <ClInclude Include="src\frontend\mgb.hpp">
      <Filter>Header Files\frontend</Filter>
    </ClInclude>
    <ClInclude Include="src\libs\lzma\Compiler.h">
      <Filter>Header Files\libs\lzma</Filter>
    </ClInclude>
    <ClInclude Include="src\libs\nativefiledialog\nfd.h">
      <Filter>Header Files\libs\nativefiledialog</Filter>
    </ClInclude>
    <ClInclude Include="src\libs\nativefiledialog\nfd.hpp">
      <Filter>Header Files\libs\nativefiledialog</Filter>
    </ClInclude>
    <ClInclude Include="src\libs\minizip\ioapi.h">
      <Filter>Header Files\libs\minizip</Filter>
    </ClInclude>
    <ClInclude Include="src\libs\minizip\unzip.h">
      <Filter>Header Files\libs\minizip</Filter>
    </ClInclude>
    <ClInclude Include="src\core\mem\reads\external_memory.h">
      <Filter>Header Files\core\mem\reads</Filter>
    </ClInclude>
    <ClInclude Include="src\core\mem\reads\general_interal_memory.h">
      <Filter>Header Files\core\mem\reads</Filter>
    </ClInclude>
    <ClInclude Include="src\core\mem\reads\internal_display_memory.h">
      <Filter>Header Files\core\mem\reads</Filter>
    </ClInclude>
    <ClInclude Include="src\core\mem\writes\external_memory.h">
      <Filter>Header Files\core\mem\writes</Filter>
    </ClInclude>
    <ClInclude Include="src\core\mem\writes\general_interal_memory.h">
      <Filter>Header Files\core\mem\writes</Filter>
    </ClInclude>
    <ClInclude Include="src\core\mem\writes\internal_display_memory.h">
      <Filter>Header Files\core\mem\writes</Filter>
    </ClInclude>
    <ClInclude Include="src\core\mem\common.h">
      <Filter>Header Files\core\mem</Filter>
    </ClInclude>
    <ClInclude Include="src\core\util\bit.h">
      <Filter>Header Files\core\util</Filter>
    </ClInclude>
    <ClInclude Include="src\core\gba.h">
      <Filter>Header Files\core</Filter>
    </ClInclude>
    <ClInclude Include="src\core\types.h">
      <Filter>Header Files\core</Filter>
    </ClInclude>
    <ClInclude Include="src\core\internal.h">
      <Filter>Header Files\core</Filter>
    </ClInclude>
    <ClInclude Include="src\core\arm7tdmi\arm\arm_instruction_table.h">
      <Filter>Header Files\core\arm7tdmi\arm</Filter>
    </ClInclude>
    <ClInclude Include="src\core\arm7tdmi\thumb\encoding_types.h">
      <Filter>Header Files\core\arm7tdmi\thumb</Filter>
    </ClInclude>
    <ClInclude Include="src\core\arm7tdmi\thumb\thumb_instruction_table.h">
      <Filter>Header Files\core\arm7tdmi\thumb</Filter>
    </ClInclude>
    <ClInclude Include="src\core\arm7tdmi\arm7tdmi.h">
      <Filter>Header Files\core\arm7tdmi</Filter>
    </ClInclude>
    <ClInclude Include="src\frontend\util\log.hpp">
      <Filter>Header Files\frontend\util</Filter>
    </ClInclude>
    <ClInclude Include="src\libs\lzma\Precomp.h">
      <Filter>Header Files\libs\lzma</Filter>
    </ClInclude>
    <ClInclude Include="src\libs\zlib\zconf.h">
      <Filter>Header Files\libs\zlib</Filter>
    </ClInclude>
    <ClInclude Include="src\libs\zlib\zutil.h">
      <Filter>Header Files\libs\zlib</Filter>
    </ClInclude>
  </ItemGroup>
  <ItemGroup>
    <None Include="packages.config" />
  </ItemGroup>
</Project>